
Microsoft Visual Studio Solution File, Format Version 12.00
# Visual Studio Version 16
VisualStudioVersion = 16.0.29319.158
MinimumVisualStudioVersion = 10.0.40219.1
Project("{9A19103F-16F7-4668-BE54-9A1E7A4F7556}") = "CodeRunner.Core", "src\CodeRunner.Core\CodeRunner.Core.csproj", "{DB2D6989-04D8-4067-8915-2A53F7210DED}"
EndProject
Project("{9A19103F-16F7-4668-BE54-9A1E7A4F7556}") = "Test.Core", "test\Test.Core\Test.Core.csproj", "{6FC1A6A9-512A-4CE9-921A-83094AD82418}"
EndProject
Project("{9A19103F-16F7-4668-BE54-9A1E7A4F7556}") = "Test.Base", "test\Test.Base\Test.Base.csproj", "{9F438038-5596-4A26-88A2-EC59FD3BE4DD}"
EndProject
Global
	GlobalSection(SolutionConfigurationPlatforms) = preSolution
		Debug|Any CPU = Debug|Any CPU
		Release|Any CPU = Release|Any CPU
	EndGlobalSection
	GlobalSection(ProjectConfigurationPlatforms) = postSolution
		{DB2D6989-04D8-4067-8915-2A53F7210DED}.Debug|Any CPU.ActiveCfg = Debug|Any CPU
		{DB2D6989-04D8-4067-8915-2A53F7210DED}.Debug|Any CPU.Build.0 = Debug|Any CPU
		{DB2D6989-04D8-4067-8915-2A53F7210DED}.Release|Any CPU.ActiveCfg = Release|Any CPU
		{DB2D6989-04D8-4067-8915-2A53F7210DED}.Release|Any CPU.Build.0 = Release|Any CPU
		{6FC1A6A9-512A-4CE9-921A-83094AD82418}.Debug|Any CPU.ActiveCfg = Debug|Any CPU
		{6FC1A6A9-512A-4CE9-921A-83094AD82418}.Debug|Any CPU.Build.0 = Debug|Any CPU
		{6FC1A6A9-512A-4CE9-921A-83094AD82418}.Release|Any CPU.ActiveCfg = Release|Any CPU
		{6FC1A6A9-512A-4CE9-921A-83094AD82418}.Release|Any CPU.Build.0 = Release|Any CPU
		{9F438038-5596-4A26-88A2-EC59FD3BE4DD}.Debug|Any CPU.ActiveCfg = Debug|Any CPU
		{9F438038-5596-4A26-88A2-EC59FD3BE4DD}.Debug|Any CPU.Build.0 = Debug|Any CPU
		{9F438038-5596-4A26-88A2-EC59FD3BE4DD}.Release|Any CPU.ActiveCfg = Release|Any CPU
		{9F438038-5596-4A26-88A2-EC59FD3BE4DD}.Release|Any CPU.Build.0 = Release|Any CPU
	EndGlobalSection
	GlobalSection(SolutionProperties) = preSolution
		HideSolutionNode = FALSE
	EndGlobalSection
	GlobalSection(ExtensibilityGlobals) = postSolution
		SolutionGuid = {C738B6A3-9A26-48D1-80B6-FBE65E926D84}
	EndGlobalSection
EndGlobal
